// !$*UTF8*$!
{
	archiveVersion = 1;
	classes = {
	};
	objectVersion = 77;
	objects = {

/* Begin PBXContainerItemProxy section */
		800976E72F522CD500B3D089 /* PBXContainerItemProxy */ = {
			isa = PBXContainerItemProxy;
			containerPortal = 800976CC2F522CD100B3D089 /* Project object */;
			proxyType = 1;
			remoteGlobalIDString = 800976D32F522CD100B3D089;
			remoteInfo = BattleDice;
		};
		800976F12F522CD500B3D089 /* PBXContainerItemProxy */ = {
			isa = PBXContainerItemProxy;
			containerPortal = 800976CC2F522CD100B3D089 /* Project object */;
			proxyType = 1;
			remoteGlobalIDString = 800976D32F522CD100B3D089;
			remoteInfo = BattleDice;
		};
/* End PBXContainerItemProxy section */

/* Begin PBXFileReference section */
		800976D42F522CD100B3D089 /* BattleDice.app */ = {isa = PBXFileReference; explicitFileType = wrapper.application; includeInIndex = 0; path = BattleDice.app; sourceTree = BUILT_PRODUCTS_DIR; };
		800976E62F522CD500B3D089 /* BattleDiceTests.xctest */ = {isa = PBXFileReference; explicitFileType = wrapper.cfbundle; includeInIndex = 0; path = BattleDiceTests.xctest; sourceTree = BUILT_PRODUCTS_DIR; };
		800976F02F522CD500B3D089 /* BattleDiceUITests.xctest */ = {isa = PBXFileReference; explicitFileType = wrapper.cfbundle; includeInIndex = 0; path = BattleDiceUITests.xctest; sourceTree = BUILT_PRODUCTS_DIR; };
/* End PBXFileReference section */

/* Begin PBXFileSystemSynchronizedBuildFileExceptionSet section */
		805C5FCE2F55D5FF00BFD1F1 /* Exceptions for "BattleDice" folder in "BattleDiceTests" target */ = {
			isa = PBXFileSystemSynchronizedBuildFileExceptionSet;
			membershipExceptions = (
				Domain/Dice.swift,
				Domain/DiceSet.swift,
				Domain/Enum/DiceEnum.swift,
				Domain/Enum/PhasesEnum.swift,
				Domain/Orders/HitOrders/AddLethalsBack.swift,
				Domain/Orders/HitOrders/AddSustainOrder.swift,
				Domain/Orders/HitOrders/CutLethalsOrder.swift,
				Domain/Orders/HitOrders/GetCritsOrder.swift,
				Domain/Orders/HitOrders/GetHitFinalResultsOrder.swift,
				Domain/Orders/HitOrders/GetHitInitialResultsOrder.swift,
				Domain/Orders/HitOrders/RerollHitOrder.swift,
				Domain/Orders/HitOrders/RollHitOrder.swift,
				Domain/Orders/SaveOrders/GetSaveFinalResultsOrder.swift,
				Domain/Orders/SaveOrders/GetSaveInitialResultsOrder.swift,
				Domain/Orders/WondOrders/CutDevWondsOrder.swift,
				Domain/Orders/WondOrders/GetWondInitialResultsOrder.swift,
				Domain/Orders/WondOrders/GetWondsFinalResultsOrder.swift,
				Domain/Orders/WondOrders/RerollWondOrder.swift,
				Domain/Protocols/Order.swift,
				Domain/RollSet.swift,
				Domain/Singletons/Calculations.swift,
			);
			target = 800976E52F522CD500B3D089 /* BattleDiceTests */;
		};
		805C5FCF2F55D5FF00BFD1F1 /* Exceptions for "BattleDice" folder in "BattleDiceUITests" target */ = {
			isa = PBXFileSystemSynchronizedBuildFileExceptionSet;
			membershipExceptions = (
				Domain/Dice.swift,
				Domain/DiceSet.swift,
				Domain/Enum/DiceEnum.swift,
				Domain/Enum/PhasesEnum.swift,
				Domain/Orders/HitOrders/AddLethalsBack.swift,
				Domain/Orders/HitOrders/AddSustainOrder.swift,
				Domain/Orders/HitOrders/CutLethalsOrder.swift,
				Domain/Orders/HitOrders/GetCritsOrder.swift,
				Domain/Orders/HitOrders/GetHitFinalResultsOrder.swift,
				Domain/Orders/HitOrders/GetHitInitialResultsOrder.swift,
				Domain/Orders/HitOrders/RerollHitOrder.swift,
				Domain/Orders/HitOrders/RollHitOrder.swift,
				Domain/Orders/SaveOrders/GetSaveFinalResultsOrder.swift,
				Domain/Orders/SaveOrders/GetSaveInitialResultsOrder.swift,
				Domain/Orders/WondOrders/CutDevWondsOrder.swift,
				Domain/Orders/WondOrders/GetWondInitialResultsOrder.swift,
				Domain/Orders/WondOrders/GetWondsFinalResultsOrder.swift,
				Domain/Orders/WondOrders/RerollWondOrder.swift,
				Domain/Protocols/Order.swift,
				Domain/RollSet.swift,
				Domain/Singletons/Calculations.swift,
			);
			target = 800976EF2F522CD500B3D089 /* BattleDiceUITests */;
		};
/* End PBXFileSystemSynchronizedBuildFileExceptionSet section */

/* Begin PBXFileSystemSynchronizedRootGroup section */
		800976D62F522CD100B3D089 /* BattleDice */ = {
			isa = PBXFileSystemSynchronizedRootGroup;
			exceptions = (
				805C5FCE2F55D5FF00BFD1F1 /* Exceptions for "BattleDice" folder in "BattleDiceTests" target */,
				805C5FCF2F55D5FF00BFD1F1 /* Exceptions for "BattleDice" folder in "BattleDiceUITests" target */,
			);
			path = BattleDice;
			sourceTree = "<group>";
		};
		800976E92F522CD500B3D089 /* BattleDiceTests */ = {
			isa = PBXFileSystemSynchronizedRootGroup;
			path = BattleDiceTests;
			sourceTree = "<group>";
		};
		800976F32F522CD500B3D089 /* BattleDiceUITests */ = {
			isa = PBXFileSystemSynchronizedRootGroup;
			path = BattleDiceUITests;
			sourceTree = "<group>";
		};
/* End PBXFileSystemSynchronizedRootGroup section */

/* Begin PBXFrameworksBuildPhase section */
		800976D12F522CD100B3D089 /* Frameworks */ = {
			isa = PBXFrameworksBuildPhase;
			buildActionMask = 2147483647;
			files = (
			);
			runOnlyForDeploymentPostprocessing = 0;
		};
		800976E32F522CD500B3D089 /* Frameworks */ = {
			isa = PBXFrameworksBuildPhase;
			buildActionMask = 2147483647;
			files = (
			);
			runOnlyForDeploymentPostprocessing = 0;
		};
		800976ED2F522CD500B3D089 /* Frameworks */ = {
			isa = PBXFrameworksBuildPhase;
			buildActionMask = 2147483647;
			files = (
			);
			runOnlyForDeploymentPostprocessing = 0;
		};
/* End PBXFrameworksBuildPhase section */

/* Begin PBXGroup section */
		800976CB2F522CD100B3D089 = {
			isa = PBXGroup;
			children = (
				800976D62F522CD100B3D089 /* BattleDice */,
				800976E92F522CD500B3D089 /* BattleDiceTests */,
				800976F32F522CD500B3D089 /* BattleDiceUITests */,
				800976D52F522CD100B3D089 /* Products */,
			);
			sourceTree = "<group>";
		};
		800976D52F522CD100B3D089 /* Products */ = {
			isa = PBXGroup;
			children = (
				800976D42F522CD100B3D089 /* BattleDice.app */,
				800976E62F522CD500B3D089 /* BattleDiceTests.xctest */,
				800976F02F522CD500B3D089 /* BattleDiceUITests.xctest */,
			);
			name = Products;
			sourceTree = "<group>";
		};
/* End PBXGroup section */

/* Begin PBXNativeTarget section */
		800976D32F522CD100B3D089 /* BattleDice */ = {
			isa = PBXNativeTarget;
			buildConfigurationList = 800976FA2F522CD500B3D089 /* Build configuration list for PBXNativeTarget "BattleDice" */;
			buildPhases = (
				800976D02F522CD100B3D089 /* Sources */,
				800976D12F522CD100B3D089 /* Frameworks */,
				800976D22F522CD100B3D089 /* Resources */,
			);
			buildRules = (
			);
			dependencies = (
			);
			fileSystemSynchronizedGroups = (
				800976D62F522CD100B3D089 /* BattleDice */,
			);
			name = BattleDice;
			packageProductDependencies = (
			);
			productName = BattleDice;
			productReference = 800976D42F522CD100B3D089 /* BattleDice.app */;
			productType = "com.apple.product-type.application";
		};
		800976E52F522CD500B3D089 /* BattleDiceTests */ = {
			isa = PBXNativeTarget;
			buildConfigurationList = 800976FD2F522CD500B3D089 /* Build configuration list for PBXNativeTarget "BattleDiceTests" */;
			buildPhases = (
				800976E22F522CD500B3D089 /* Sources */,
				800976E32F522CD500B3D089 /* Frameworks */,
				800976E42F522CD500B3D089 /* Resources */,
			);
			buildRules = (
			);
			dependencies = (
				800976E82F522CD500B3D089 /* PBXTargetDependency */,
			);
			fileSystemSynchronizedGroups = (
				800976E92F522CD500B3D089 /* BattleDiceTests */,
			);
			name = BattleDiceTests;
			packageProductDependencies = (
			);
			productName = BattleDiceTests;
			productReference = 800976E62F522CD500B3D089 /* BattleDiceTests.xctest */;
			productType = "com.apple.product-type.bundle.unit-test";
		};
		800976EF2F522CD500B3D089 /* BattleDiceUITests */ = {
			isa = PBXNativeTarget;
			buildConfigurationList = 800977002F522CD500B3D089 /* Build configuration list for PBXNativeTarget "BattleDiceUITests" */;
			buildPhases = (
				800976EC2F522CD500B3D089 /* Sources */,
				800976ED2F522CD500B3D089 /* Frameworks */,
				800976EE2F522CD500B3D089 /* Resources */,
			);
			buildRules = (
			);
			dependencies = (
				800976F22F522CD500B3D089 /* PBXTargetDependency */,
			);
			fileSystemSynchronizedGroups = (
				800976F32F522CD500B3D089 /* BattleDiceUITests */,
			);
			name = BattleDiceUITests;
			packageProductDependencies = (
			);
			productName = BattleDiceUITests;
			productReference = 800976F02F522CD500B3D089 /* BattleDiceUITests.xctest */;
			productType = "com.apple.product-type.bundle.ui-testing";
		};
/* End PBXNativeTarget section */

/* Begin PBXProject section */
		800976CC2F522CD100B3D089 /* Project object */ = {
			isa = PBXProject;
			attributes = {
				BuildIndependentTargetsInParallel = 1;
				LastSwiftUpdateCheck = 2600;
				LastUpgradeCheck = 2600;
				TargetAttributes = {
					800976D32F522CD100B3D089 = {
						CreatedOnToolsVersion = 26.0.1;
					};
					800976E52F522CD500B3D089 = {
						CreatedOnToolsVersion = 26.0.1;
						TestTargetID = 800976D32F522CD100B3D089;
					};
					800976EF2F522CD500B3D089 = {
						CreatedOnToolsVersion = 26.0.1;
						TestTargetID = 800976D32F522CD100B3D089;
					};
				};
			};
			buildConfigurationList = 800976CF2F522CD100B3D089 /* Build configuration list for PBXProject "BattleDice" */;
			developmentRegion = en;
			hasScannedForEncodings = 0;
			knownRegions = (
				en,
				Base,
			);
			mainGroup = 800976CB2F522CD100B3D089;
			minimizedProjectReferenceProxies = 1;
			preferredProjectObjectVersion = 77;
			productRefGroup = 800976D52F522CD100B3D089 /* Products */;
			projectDirPath = "";
			projectRoot = "";
			targets = (
				800976D32F522CD100B3D089 /* BattleDice */,
				800976E52F522CD500B3D089 /* BattleDiceTests */,
				800976EF2F522CD500B3D089 /* BattleDiceUITests */,
			);
		};
/* End PBXProject section */

/* Begin PBXResourcesBuildPhase section */
		800976D22F522CD100B3D089 /* Resources */ = {
			isa = PBXResourcesBuildPhase;
			buildActionMask = 2147483647;
			files = (
			);
			runOnlyForDeploymentPostprocessing = 0;
		};
		800976E42F522CD500B3D089 /* Resources */ = {
			isa = PBXResourcesBuildPhase;
			buildActionMask = 2147483647;
			files = (
			);
			runOnlyForDeploymentPostprocessing = 0;
		};
		800976EE2F522CD500B3D089 /* Resources */ = {
			isa = PBXResourcesBuildPhase;
			buildActionMask = 2147483647;
			files = (
			);
			runOnlyForDeploymentPostprocessing = 0;
		};
/* End PBXResourcesBuildPhase section */

/* Begin PBXSourcesBuildPhase section */
		800976D02F522CD100B3D089 /* Sources */ = {
			isa = PBXSourcesBuildPhase;
			buildActionMask = 2147483647;
			files = (
			);
			runOnlyForDeploymentPostprocessing = 0;
		};
		800976E22F522CD500B3D089 /* Sources */ = {
			isa = PBXSourcesBuildPhase;
			buildActionMask = 2147483647;
			files = (
			);
			runOnlyForDeploymentPostprocessing = 0;
		};
		800976EC2F522CD500B3D089 /* Sources */ = {
			isa = PBXSourcesBuildPhase;
			buildActionMask = 2147483647;
			files = (
			);
			runOnlyForDeploymentPostprocessing = 0;
		};
/* End PBXSourcesBuildPhase section */

/* Begin PBXTargetDependency section */
		800976E82F522CD500B3D089 /* PBXTargetDependency */ = {
			isa = PBXTargetDependency;
			target = 800976D32F522CD100B3D089 /* BattleDice */;
			targetProxy = 800976E72F522CD500B3D089 /* PBXContainerItemProxy */;
		};
		800976F22F522CD500B3D089 /* PBXTargetDependency */ = {
			isa = PBXTargetDependency;
			target = 800976D32F522CD100B3D089 /* BattleDice */;
			targetProxy = 800976F12F522CD500B3D089 /* PBXContainerItemProxy */;
		};
/* End PBXTargetDependency section */

/* Begin XCBuildConfiguration section */
		800976F82F522CD500B3D089 /* Debug */ = {
			isa = XCBuildConfiguration;
			buildSettings = {
				ALWAYS_SEARCH_USER_PATHS = NO;
				ASSETCATALOG_COMPILER_GENERATE_SWIFT_ASSET_SYMBOL_EXTENSIONS = YES;
				CLANG_ANALYZER_NONNULL = YES;
				CLANG_ANALYZER_NUMBER_OBJECT_CONVERSION = YES_AGGRESSIVE;
				CLANG_CXX_LANGUAGE_STANDARD = "gnu++20";
				CLANG_ENABLE_MODULES = YES;
				CLANG_ENABLE_OBJC_ARC = YES;
				CLANG_ENABLE_OBJC_WEAK = YES;
				CLANG_WARN_BLOCK_CAPTURE_AUTORELEASING = YES;
				CLANG_WARN_BOOL_CONVERSION = YES;
				CLANG_WARN_COMMA = YES;
				CLANG_WARN_CONSTANT_CONVERSION = YES;
				CLANG_WARN_DEPRECATED_OBJC_IMPLEMENTATIONS = YES;
				CLANG_WARN_DIRECT_OBJC_ISA_USAGE = YES_ERROR;
				CLANG_WARN_DOCUMENTATION_COMMENTS = YES;
				CLANG_WARN_EMPTY_BODY = YES;
				CLANG_WARN_ENUM_CONVERSION = YES;
				CLANG_WARN_INFINITE_RECURSION = YES;
				CLANG_WARN_INT_CONVERSION = YES;
				CLANG_WARN_NON_LITERAL_NULL_CONVERSION = YES;
				CLANG_WARN_OBJC_IMPLICIT_RETAIN_SELF = YES;
				CLANG_WARN_OBJC_LITERAL_CONVERSION = YES;
				CLANG_WARN_OBJC_ROOT_CLASS = YES_ERROR;
				CLANG_WARN_QUOTED_INCLUDE_IN_FRAMEWORK_HEADER = YES;
				CLANG_WARN_RANGE_LOOP_ANALYSIS = YES;
				CLANG_WARN_STRICT_PROTOTYPES = YES;
				CLANG_WARN_SUSPICIOUS_MOVE = YES;
				CLANG_WARN_UNGUARDED_AVAILABILITY = YES_AGGRESSIVE;
				CLANG_WARN_UNREACHABLE_CODE = YES;
				CLANG_WARN__DUPLICATE_METHOD_MATCH = YES;
				COPY_PHASE_STRIP = NO;
				DEBUG_INFORMATION_FORMAT = dwarf;
				DEVELOPMENT_TEAM = 368FWW9ZS3;
				ENABLE_STRICT_OBJC_MSGSEND = YES;
				ENABLE_TESTABILITY = YES;
				ENABLE_USER_SCRIPT_SANDBOXING = YES;
				GCC_C_LANGUAGE_STANDARD = gnu17;
				GCC_DYNAMIC_NO_PIC = NO;
				GCC_NO_COMMON_BLOCKS = YES;
				GCC_OPTIMIZATION_LEVEL = 0;
				GCC_PREPROCESSOR_DEFINITIONS = (
					"DEBUG=1",
					"$(inherited)",
				);
				GCC_WARN_64_TO_32_BIT_CONVERSION = YES;
				GCC_WARN_ABOUT_RETURN_TYPE = YES_ERROR;
				GCC_WARN_UNDECLARED_SELECTOR = YES;
				GCC_WARN_UNINITIALIZED_AUTOS = YES_AGGRESSIVE;
				GCC_WARN_UNUSED_FUNCTION = YES;
				GCC_WARN_UNUSED_VARIABLE = YES;
				IPHONEOS_DEPLOYMENT_TARGET = 26.0;
				LOCALIZATION_PREFERS_STRING_CATALOGS = YES;
				MTL_ENABLE_DEBUG_INFO = INCLUDE_SOURCE;
				MTL_FAST_MATH = YES;
				ONLY_ACTIVE_ARCH = YES;
				SDKROOT = iphoneos;
				SWIFT_ACTIVE_COMPILATION_CONDITIONS = "DEBUG $(inherited)";
				SWIFT_OPTIMIZATION_LEVEL = "-Onone";
			};
			name = Debug;
		};
		800976F92F522CD500B3D089 /* Release */ = {
			isa = XCBuildConfiguration;
			buildSettings = {
				ALWAYS_SEARCH_USER_PATHS = NO;
				ASSETCATALOG_COMPILER_GENERATE_SWIFT_ASSET_SYMBOL_EXTENSIONS = YES;
				CLANG_ANALYZER_NONNULL = YES;
				CLANG_ANALYZER_NUMBER_OBJECT_CONVERSION = YES_AGGRESSIVE;
				CLANG_CXX_LANGUAGE_STANDARD = "gnu++20";
				CLANG_ENABLE_MODULES = YES;
				CLANG_ENABLE_OBJC_ARC = YES;
				CLANG_ENABLE_OBJC_WEAK = YES;
				CLANG_WARN_BLOCK_CAPTURE_AUTORELEASING = YES;
				CLANG_WARN_BOOL_CONVERSION = YES;
				CLANG_WARN_COMMA = YES;
				CLANG_WARN_CONSTANT_CONVERSION = YES;
				CLANG_WARN_DEPRECATED_OBJC_IMPLEMENTATIONS = YES;
				CLANG_WARN_DIRECT_OBJC_ISA_USAGE = YES_ERROR;
				CLANG_WARN_DOCUMENTATION_COMMENTS = YES;
				CLANG_WARN_EMPTY_BODY = YES;
				CLANG_WARN_ENUM_CONVERSION = YES;
				CLANG_WARN_INFINITE_RECURSION = YES;
				CLANG_WARN_INT_CONVERSION = YES;
				CLANG_WARN_NON_LITERAL_NULL_CONVERSION = YES;
				CLANG_WARN_OBJC_IMPLICIT_RETAIN_SELF = YES;
				CLANG_WARN_OBJC_LITERAL_CONVERSION = YES;
				CLANG_WARN_OBJC_ROOT_CLASS = YES_ERROR;
				CLANG_WARN_QUOTED_INCLUDE_IN_FRAMEWORK_HEADER = YES;
				CLANG_WARN_RANGE_LOOP_ANALYSIS = YES;
				CLANG_WARN_STRICT_PROTOTYPES = YES;
				CLANG_WARN_SUSPICIOUS_MOVE = YES;
				CLANG_WARN_UNGUARDED_AVAILABILITY = YES_AGGRESSIVE;
				CLANG_WARN_UNREACHABLE_CODE = YES;
				CLANG_WARN__DUPLICATE_METHOD_MATCH = YES;
				COPY_PHASE_STRIP = NO;
				DEBUG_INFORMATION_FORMAT = "dwarf-with-dsym";
				DEVELOPMENT_TEAM = 368FWW9ZS3;
				ENABLE_NS_ASSERTIONS = NO;
				ENABLE_STRICT_OBJC_MSGSEND = YES;
				ENABLE_USER_SCRIPT_SANDBOXING = YES;
				GCC_C_LANGUAGE_STANDARD = gnu17;
				GCC_NO_COMMON_BLOCKS = YES;
				GCC_WARN_64_TO_32_BIT_CONVERSION = YES;
				GCC_WARN_ABOUT_RETURN_TYPE = YES_ERROR;
				GCC_WARN_UNDECLARED_SELECTOR = YES;
				GCC_WARN_UNINITIALIZED_AUTOS = YES_AGGRESSIVE;
				GCC_WARN_UNUSED_FUNCTION = YES;
				GCC_WARN_UNUSED_VARIABLE = YES;
				IPHONEOS_DEPLOYMENT_TARGET = 26.0;
				LOCALIZATION_PREFERS_STRING_CATALOGS = YES;
				MTL_ENABLE_DEBUG_INFO = NO;
				MTL_FAST_MATH = YES;
				SDKROOT = iphoneos;
				SWIFT_COMPILATION_MODE = wholemodule;
				VALIDATE_PRODUCT = YES;
			};
			name = Release;
		};
		800976FB2F522CD500B3D089 /* Debug */ = {
			isa = XCBuildConfiguration;
			buildSettings = {
				ASSETCATALOG_COMPILER_APPICON_NAME = AppIcon;
				ASSETCATALOG_COMPILER_GLOBAL_ACCENT_COLOR_NAME = AccentColor;
				CODE_SIGN_STYLE = Automatic;
				CURRENT_PROJECT_VERSION = 1;
				DEVELOPMENT_TEAM = 368FWW9ZS3;
				ENABLE_PREVIEWS = YES;
				GENERATE_INFOPLIST_FILE = YES;
				INFOPLIST_KEY_UIApplicationSceneManifest_Generation = YES;
				INFOPLIST_KEY_UIApplicationSupportsIndirectInputEvents = YES;
				INFOPLIST_KEY_UILaunchScreen_Generation = YES;
				INFOPLIST_KEY_UISupportedInterfaceOrientations_iPad = "UIInterfaceOrientationPortrait UIInterfaceOrientationPortraitUpsideDown UIInterfaceOrientationLandscapeLeft UIInterfaceOrientationLandscapeRight";
				INFOPLIST_KEY_UISupportedInterfaceOrientations_iPhone = "UIInterfaceOrientationPortrait UIInterfaceOrientationLandscapeLeft UIInterfaceOrientationLandscapeRight";
				LD_RUNPATH_SEARCH_PATHS = (
					"$(inherited)",
					"@executable_path/Frameworks",
				);
				MARKETING_VERSION = 1.0;
				PRODUCT_BUNDLE_IDENTIFIER = RenanBaialuna.BattleDice;
				PRODUCT_NAME = "$(TARGET_NAME)";
				STRING_CATALOG_GENERATE_SYMBOLS = YES;
				SWIFT_APPROACHABLE_CONCURRENCY = YES;
				SWIFT_DEFAULT_ACTOR_ISOLATION = MainActor;
				SWIFT_EMIT_LOC_STRINGS = YES;
				SWIFT_UPCOMING_FEATURE_MEMBER_IMPORT_VISIBILITY = YES;
				SWIFT_VERSION = 5.0;
				TARGETED_DEVICE_FAMILY = "1,2";
			};
			name = Debug;
		};
		800976FC2F522CD500B3D089 /* Release */ = {
			isa = XCBuildConfiguration;
			buildSettings = {
				ASSETCATALOG_COMPILER_APPICON_NAME = AppIcon;
				ASSETCATALOG_COMPILER_GLOBAL_ACCENT_COLOR_NAME = AccentColor;
				CODE_SIGN_STYLE = Automatic;
				CURRENT_PROJECT_VERSION = 1;
				DEVELOPMENT_TEAM = 368FWW9ZS3;
				ENABLE_PREVIEWS = YES;
				GENERATE_INFOPLIST_FILE = YES;
				INFOPLIST_KEY_UIApplicationSceneManifest_Generation = YES;
				INFOPLIST_KEY_UIApplicationSupportsIndirectInputEvents = YES;
				INFOPLIST_KEY_UILaunchScreen_Generation = YES;
				INFOPLIST_KEY_UISupportedInterfaceOrientations_iPad = "UIInterfaceOrientationPortrait UIInterfaceOrientationPortraitUpsideDown UIInterfaceOrientationLandscapeLeft UIInterfaceOrientationLandscapeRight";
				INFOPLIST_KEY_UISupportedInterfaceOrientations_iPhone = "UIInterfaceOrientationPortrait UIInterfaceOrientationLandscapeLeft UIInterfaceOrientationLandscapeRight";
				LD_RUNPATH_SEARCH_PATHS = (
					"$(inherited)",
					"@executable_path/Frameworks",
				);
				MARKETING_VERSION = 1.0;
				PRODUCT_BUNDLE_IDENTIFIER = RenanBaialuna.BattleDice;
				PRODUCT_NAME = "$(TARGET_NAME)";
				STRING_CATALOG_GENERATE_SYMBOLS = YES;
				SWIFT_APPROACHABLE_CONCURRENCY = YES;
				SWIFT_DEFAULT_ACTOR_ISOLATION = MainActor;
				SWIFT_EMIT_LOC_STRINGS = YES;
				SWIFT_UPCOMING_FEATURE_MEMBER_IMPORT_VISIBILITY = YES;
				SWIFT_VERSION = 5.0;
				TARGETED_DEVICE_FAMILY = "1,2";
			};
			name = Release;
		};
		800976FE2F522CD500B3D089 /* Debug */ = {
			isa = XCBuildConfiguration;
			buildSettings = {
				BUNDLE_LOADER = "$(TEST_HOST)";
				CODE_SIGN_STYLE = Automatic;
				CURRENT_PROJECT_VERSION = 1;
				DEVELOPMENT_TEAM = 368FWW9ZS3;
				GENERATE_INFOPLIST_FILE = YES;
				IPHONEOS_DEPLOYMENT_TARGET = 26.0;
				MARKETING_VERSION = 1.0;
				PRODUCT_BUNDLE_IDENTIFIER = RenanBaialuna.BattleDiceTests;
				PRODUCT_NAME = "$(TARGET_NAME)";
				STRING_CATALOG_GENERATE_SYMBOLS = NO;
				SWIFT_APPROACHABLE_CONCURRENCY = YES;
				SWIFT_EMIT_LOC_STRINGS = NO;
				SWIFT_UPCOMING_FEATURE_MEMBER_IMPORT_VISIBILITY = YES;
				SWIFT_VERSION = 5.0;
				TARGETED_DEVICE_FAMILY = "1,2";
				TEST_HOST = "$(BUILT_PRODUCTS_DIR)/BattleDice.app/$(BUNDLE_EXECUTABLE_FOLDER_PATH)/BattleDice";
			};
			name = Debug;
		};
		800976FF2F522CD500B3D089 /* Release */ = {
			isa = XCBuildConfiguration;
			buildSettings = {
				BUNDLE_LOADER = "$(TEST_HOST)";
				CODE_SIGN_STYLE = Automatic;
				CURRENT_PROJECT_VERSION = 1;
				DEVELOPMENT_TEAM = 368FWW9ZS3;
				GENERATE_INFOPLIST_FILE = YES;
				IPHONEOS_DEPLOYMENT_TARGET = 26.0;
				MARKETING_VERSION = 1.0;
				PRODUCT_BUNDLE_IDENTIFIER = RenanBaialuna.BattleDiceTests;
				PRODUCT_NAME = "$(TARGET_NAME)";
				STRING_CATALOG_GENERATE_SYMBOLS = NO;
				SWIFT_APPROACHABLE_CONCURRENCY = YES;
				SWIFT_EMIT_LOC_STRINGS = NO;
				SWIFT_UPCOMING_FEATURE_MEMBER_IMPORT_VISIBILITY = YES;
				SWIFT_VERSION = 5.0;
				TARGETED_DEVICE_FAMILY = "1,2";
				TEST_HOST = "$(BUILT_PRODUCTS_DIR)/BattleDice.app/$(BUNDLE_EXECUTABLE_FOLDER_PATH)/BattleDice";
			};
			name = Release;
		};
		800977012F522CD500B3D089 /* Debug */ = {
			isa = XCBuildConfiguration;
			buildSettings = {
				CODE_SIGN_STYLE = Automatic;
				CURRENT_PROJECT_VERSION = 1;
				DEVELOPMENT_TEAM = 368FWW9ZS3;
				GENERATE_INFOPLIST_FILE = YES;
				MARKETING_VERSION = 1.0;
				PRODUCT_BUNDLE_IDENTIFIER = RenanBaialuna.BattleDiceUITests;
				PRODUCT_NAME = "$(TARGET_NAME)";
				STRING_CATALOG_GENERATE_SYMBOLS = NO;
				SWIFT_APPROACHABLE_CONCURRENCY = YES;
				SWIFT_EMIT_LOC_STRINGS = NO;
				SWIFT_UPCOMING_FEATURE_MEMBER_IMPORT_VISIBILITY = YES;
				SWIFT_VERSION = 5.0;
				TARGETED_DEVICE_FAMILY = "1,2";
				TEST_TARGET_NAME = BattleDice;
			};
			name = Debug;
		};
		800977022F522CD500B3D089 /* Release */ = {
			isa = XCBuildConfiguration;
			buildSettings = {
				CODE_SIGN_STYLE = Automatic;
				CURRENT_PROJECT_VERSION = 1;
				DEVELOPMENT_TEAM = 368FWW9ZS3;
				GENERATE_INFOPLIST_FILE = YES;
				MARKETING_VERSION = 1.0;
				PRODUCT_BUNDLE_IDENTIFIER = RenanBaialuna.BattleDiceUITests;
				PRODUCT_NAME = "$(TARGET_NAME)";
				STRING_CATALOG_GENERATE_SYMBOLS = NO;
				SWIFT_APPROACHABLE_CONCURRENCY = YES;
				SWIFT_EMIT_LOC_STRINGS = NO;
				SWIFT_UPCOMING_FEATURE_MEMBER_IMPORT_VISIBILITY = YES;
				SWIFT_VERSION = 5.0;
				TARGETED_DEVICE_FAMILY = "1,2";
				TEST_TARGET_NAME = BattleDice;
			};
			name = Release;
		};
/* End XCBuildConfiguration section */

/* Begin XCConfigurationList section */
		800976CF2F522CD100B3D089 /* Build configuration list for PBXProject "BattleDice" */ = {
			isa = XCConfigurationList;
			buildConfigurations = (
				800976F82F522CD500B3D089 /* Debug */,
				800976F92F522CD500B3D089 /* Release */,
			);
			defaultConfigurationIsVisible = 0;
			defaultConfigurationName = Release;
		};
		800976FA2F522CD500B3D089 /* Build configuration list for PBXNativeTarget "BattleDice" */ = {
			isa = XCConfigurationList;
			buildConfigurations = (
				800976FB2F522CD500B3D089 /* Debug */,
				800976FC2F522CD500B3D089 /* Release */,
			);
			defaultConfigurationIsVisible = 0;
			defaultConfigurationName = Release;
		};
		800976FD2F522CD500B3D089 /* Build configuration list for PBXNativeTarget "BattleDiceTests" */ = {
			isa = XCConfigurationList;
			buildConfigurations = (
				800976FE2F522CD500B3D089 /* Debug */,
				800976FF2F522CD500B3D089 /* Release */,
			);
			defaultConfigurationIsVisible = 0;
			defaultConfigurationName = Release;
		};
		800977002F522CD500B3D089 /* Build configuration list for PBXNativeTarget "BattleDiceUITests" */ = {
			isa = XCConfigurationList;
			buildConfigurations = (
				800977012F522CD500B3D089 /* Debug */,
				800977022F522CD500B3D089 /* Release */,
			);
			defaultConfigurationIsVisible = 0;
			defaultConfigurationName = Release;
		};
/* End XCConfigurationList section */
	};
	rootObject = 800976CC2F522CD100B3D089 /* Project object */;
}
